// !$*UTF8*$!
{
	archiveVersion = 1;
	classes = {
	};
	objectVersion = 46;
	objects = {

/* Begin PBXBuildFile section */
		FB8D024D1C3E3794007171F1 /* main.m in Sources */ = {isa = PBXBuildFile; fileRef = FB8D024C1C3E3794007171F1 /* main.m */; };
		FB8D02501C3E3794007171F1 /* AppDelegate.m in Sources */ = {isa = PBXBuildFile; fileRef = FB8D024F1C3E3794007171F1 /* AppDelegate.m */; };
		FB8D02531C3E3794007171F1 /* ViewController.m in Sources */ = {isa = PBXBuildFile; fileRef = FB8D02521C3E3794007171F1 /* ViewController.m */; };
		FB8D02561C3E3794007171F1 /* Main.storyboard in Resources */ = {isa = PBXBuildFile; fileRef = FB8D02541C3E3794007171F1 /* Main.storyboard */; };
		FB8D02581C3E3794007171F1 /* Assets.xcassets in Resources */ = {isa = PBXBuildFile; fileRef = FB8D02571C3E3794007171F1 /* Assets.xcassets */; };
		FB8D025B1C3E3794007171F1 /* LaunchScreen.storyboard in Resources */ = {isa = PBXBuildFile; fileRef = FB8D02591C3E3794007171F1 /* LaunchScreen.storyboard */; };
/* End PBXBuildFile section */

/* Begin PBXFileReference section */
		FB8D02481C3E3794007171F1 /* ButtonOptionExample.app */ = {isa = PBXFileReference; explicitFileType = wrapper.application; includeInIndex = 0; path = ButtonOptionExample.app; sourceTree = BUILT_PRODUCTS_DIR; };
		FB8D024C1C3E3794007171F1 /* main.m */ = {isa = PBXFileReference; lastKnownFileType = sourcecode.c.objc; path = main.m; sourceTree = "<group>"; };
		FB8D024E1C3E3794007171F1 /* AppDelegate.h */ = {isa = PBXFileReference; lastKnownFileType = sourcecode.c.h; path = AppDelegate.h; sourceTree = "<group>"; };
		FB8D024F1C3E3794007171F1 /* AppDelegate.m */ = {isa = PBXFileReference; lastKnownFileType = sourcecode.c.objc; path = AppDelegate.m; sourceTree = "<group>"; };
		FB8D02511C3E3794007171F1 /* ViewController.h */ = {isa = PBXFileReference; lastKnownFileType = sourcecode.c.h; path = ViewController.h; sourceTree = "<group>"; };
		FB8D02521C3E3794007171F1 /* ViewController.m */ = {isa = PBXFileReference; lastKnownFileType = sourcecode.c.objc; path = ViewController.m; sourceTree = "<group>"; };
		FB8D02551C3E3794007171F1 /* Base */ = {isa = PBXFileReference; lastKnownFileType = file.storyboard; name = Base; path = Base.lproj/Main.storyboard; sourceTree = "<group>"; };
		FB8D02571C3E3794007171F1 /* Assets.xcassets */ = {isa = PBXFileReference; lastKnownFileType = folder.assetcatalog; path = Assets.xcassets; sourceTree = "<group>"; };
		FB8D025A1C3E3794007171F1 /* Base */ = {isa = PBXFileReference; lastKnownFileType = file.storyboard; name = Base; path = Base.lproj/LaunchScreen.storyboard; sourceTree = "<group>"; };
		FB8D025C1C3E3794007171F1 /* Info.plist */ = {isa = PBXFileReference; lastKnownFileType = text.plist.xml; path = Info.plist; sourceTree = "<group>"; };
/* End PBXFileReference section */

/* Begin PBXFrameworksBuildPhase section */
		FB8D02451C3E3794007171F1 /* Frameworks */ = {
			isa = PBXFrameworksBuildPhase;
			buildActionMask = 2147483647;
			files = (
			);
			runOnlyForDeploymentPostprocessing = 0;
		};
/* End PBXFrameworksBuildPhase section */

/* Begin PBXGroup section */
		FB8D023F1C3E3794007171F1 = {
			isa = PBXGroup;
			children = (
				FB8D024A1C3E3794007171F1 /* ButtonOptionExample */,
				FB8D02491C3E3794007171F1 /* Products */,
			);
			sourceTree = "<group>";
		};
		FB8D02491C3E3794007171F1 /* Products */ = {
			isa = PBXGroup;
			children = (
				FB8D02481C3E3794007171F1 /* ButtonOptionExample.app */,
			);
			name = Products;
			sourceTree = "<group>";
		};
		FB8D024A1C3E3794007171F1 /* ButtonOptionExample */ = {
			isa = PBXGroup;
			children = (
				FB8D024E1C3E3794007171F1 /* AppDelegate.h */,
				FB8D024F1C3E3794007171F1 /* AppDelegate.m */,
				FB8D02511C3E3794007171F1 /* ViewController.h */,
				FB8D02521C3E3794007171F1 /* ViewController.m */,
				FB8D02541C3E3794007171F1 /* Main.storyboard */,
				FB8D02571C3E3794007171F1 /* Assets.xcassets */,
				FB8D02591C3E3794007171F1 /* LaunchScreen.storyboard */,
				FB8D025C1C3E3794007171F1 /* Info.plist */,
				FB8D024B1C3E3794007171F1 /* Supporting Files */,
			);
			path = ButtonOptionExample;
			sourceTree = "<group>";
		};
		FB8D024B1C3E3794007171F1 /* Supporting Files */ = {
			isa = PBXGroup;
			children = (
				FB8D024C1C3E3794007171F1 /* main.m */,
			);
			name = "Supporting Files";
			sourceTree = "<group>";
		};
/* End PBXGroup section */

/* Begin PBXNativeTarget section */
		FB8D02471C3E3794007171F1 /* ButtonOptionExample */ = {
			isa = PBXNativeTarget;
			buildConfigurationList = FB8D025F1C3E3794007171F1 /* Build configuration list for PBXNativeTarget "ButtonOptionExample" */;
			buildPhases = (
				FB8D02441C3E3794007171F1 /* Sources */,
				FB8D02451C3E3794007171F1 /* Frameworks */,
				FB8D02461C3E3794007171F1 /* Resources */,
			);
			buildRules = (
			);
			dependencies = (
			);
			name = ButtonOptionExample;
			productName = ButtonOptionExample;
			productReference = FB8D02481C3E3794007171F1 /* ButtonOptionExample.app */;
			productType = "com.apple.product-type.application";
		};
/* End PBXNativeTarget section */

/* Begin PBXProject section */
		FB8D02401C3E3794007171F1 /* Project object */ = {
			isa = PBXProject;
			attributes = {
				LastUpgradeCheck = 0720;
				ORGANIZATIONNAME = Coody;
				TargetAttributes = {
					FB8D02471C3E3794007171F1 = {
						CreatedOnToolsVersion = 7.2;
					};
				};
			};
			buildConfigurationList = FB8D02431C3E3794007171F1 /* Build configuration list for PBXProject "ButtonOptionExample" */;
			compatibilityVersion = "Xcode 3.2";
			developmentRegion = English;
			hasScannedForEncodings = 0;
			knownRegions = (
				en,
				Base,
			);
			mainGroup = FB8D023F1C3E3794007171F1;
			productRefGroup = FB8D02491C3E3794007171F1 /* Products */;
			projectDirPath = "";
			projectRoot = "";
			targets = (
				FB8D02471C3E3794007171F1 /* ButtonOptionExample */,
			);
		};
/* End PBXProject section */

/* Begin PBXResourcesBuildPhase section */
		FB8D02461C3E3794007171F1 /* Resources */ = {
			isa = PBXResourcesBuildPhase;
			buildActionMask = 2147483647;
			files = (
				FB8D025B1C3E3794007171F1 /* LaunchScreen.storyboard in Resources */,
				FB8D02581C3E3794007171F1 /* Assets.xcassets in Resources */,
				FB8D02561C3E3794007171F1 /* Main.storyboard in Resources */,
			);
			runOnlyForDeploymentPostprocessing = 0;
		};
/* End PBXResourcesBuildPhase section */

/* Begin PBXSourcesBuildPhase section */
		FB8D02441C3E3794007171F1 /* Sources */ = {
			isa = PBXSourcesBuildPhase;
			buildActionMask = 2147483647;
			files = (
				FB8D02531C3E3794007171F1 /* ViewController.m in Sources */,
				FB8D02501C3E3794007171F1 /* AppDelegate.m in Sources */,
				FB8D024D1C3E3794007171F1 /* main.m in Sources */,
			);
			runOnlyForDeploymentPostprocessing = 0;
		};
/* End PBXSourcesBuildPhase section */

/* Begin PBXVariantGroup section */
		FB8D02541C3E3794007171F1 /* Main.storyboard */ = {
			isa = PBXVariantGroup;
			children = (
				FB8D02551C3E3794007171F1 /* Base */,
			);
			name = Main.storyboard;
			sourceTree = "<group>";
		};
		FB8D02591C3E3794007171F1 /* LaunchScreen.storyboard */ = {
			isa = PBXVariantGroup;
			children = (
				FB8D025A1C3E3794007171F1 /* Base */,
			);
			name = LaunchScreen.storyboard;
			sourceTree = "<group>";
		};
/* End PBXVariantGroup section */

/* Begin XCBuildConfiguration section */
		FB8D025D1C3E3794007171F1 /* Debug */ = {
			isa = XCBuildConfiguration;
			buildSettings = {
				ALWAYS_SEARCH_USER_PATHS = NO;
				CLANG_CXX_LANGUAGE_STANDARD = "gnu++0x";
				CLANG_CXX_LIBRARY = "libc++";
				CLANG_ENABLE_MODULES = YES;
				CLANG_ENABLE_OBJC_ARC = YES;
				CLANG_WARN_BOOL_CONVERSION = YES;
				CLANG_WARN_CONSTANT_CONVERSION = YES;
				CLANG_WARN_DIRECT_OBJC_ISA_USAGE = YES_ERROR;
				CLANG_WARN_EMPTY_BODY = YES;
				CLANG_WARN_ENUM_CONVERSION = YES;
				CLANG_WARN_INT_CONVERSION = YES;
				CLANG_WARN_OBJC_ROOT_CLASS = YES_ERROR;
				CLANG_WARN_UNREACHABLE_CODE = YES;
				CLANG_WARN__DUPLICATE_METHOD_MATCH = YES;
				"CODE_SIGN_IDENTITY[sdk=iphoneos*]" = "iPhone Developer";
				COPY_PHASE_STRIP = NO;
				DEBUG_INFORMATION_FORMAT = dwarf;
				ENABLE_STRICT_OBJC_MSGSEND = YES;
				ENABLE_TESTABILITY = YES;
				GCC_C_LANGUAGE_STANDARD = gnu99;
				GCC_DYNAMIC_NO_PIC = NO;
				GCC_NO_COMMON_BLOCKS = YES;
				GCC_OPTIMIZATION_LEVEL = 0;
				GCC_PREPROCESSOR_DEFINITIONS = (
					"DEBUG=1",
					"$(inherited)",
				);
				GCC_WARN_64_TO_32_BIT_CONVERSION = YES;
				GCC_WARN_ABOUT_RETURN_TYPE = YES_ERROR;
				GCC_WARN_UNDECLARED_SELECTOR = YES;
				GCC_WARN_UNINITIALIZED_AUTOS = YES_AGGRESSIVE;
				GCC_WARN_UNUSED_FUNCTION = YES;
				GCC_WARN_UNUSED_VARIABLE = YES;
				IPHONEOS_DEPLOYMENT_TARGET = 9.2;
				MTL_ENABLE_DEBUG_INFO = YES;
				ONLY_ACTIVE_ARCH = YES;
				SDKROOT = iphoneos;
				TARGETED_DEVICE_FAMILY = "1,2";
			};
			name = Debug;
		};
		FB8D025E1C3E3794007171F1 /* Release */ = {
			isa = XCBuildConfiguration;
			buildSettings = {
				ALWAYS_SEARCH_USER_PATHS = NO;
				CLANG_CXX_LANGUAGE_STANDARD = "gnu++0x";
				CLANG_CXX_LIBRARY = "libc++";
				CLANG_ENABLE_MODULES = YES;
				CLANG_ENABLE_OBJC_ARC = YES;
				CLANG_WARN_BOOL_CONVERSION = YES;
				CLANG_WARN_CONSTANT_CONVERSION = YES;
				CLANG_WARN_DIRECT_OBJC_ISA_USAGE = YES_ERROR;
				CLANG_WARN_EMPTY_BODY = YES;
				CLANG_WARN_ENUM_CONVERSION = YES;
				CLANG_WARN_INT_CONVERSION = YES;
				CLANG_WARN_OBJC_ROOT_CLASS = YES_ERROR;
				CLANG_WARN_UNREACHABLE_CODE = YES;
				CLANG_WARN__DUPLICATE_METHOD_MATCH = YES;
				"CODE_SIGN_IDENTITY[sdk=iphoneos*]" = "iPhone Developer";
				COPY_PHASE_STRIP = NO;
				DEBUG_INFORMATION_FORMAT = "dwarf-with-dsym";
				ENABLE_NS_ASSERTIONS = NO;
				ENABLE_STRICT_OBJC_MSGSEND = YES;
				GCC_C_LANGUAGE_STANDARD = gnu99;
				GCC_NO_COMMON_BLOCKS = YES;
				GCC_WARN_64_TO_32_BIT_CONVERSION = YES;
				GCC_WARN_ABOUT_RETURN_TYPE = YES_ERROR;
				GCC_WARN_UNDECLARED_SELECTOR = YES;
				GCC_WARN_UNINITIALIZED_AUTOS = YES_AGGRESSIVE;
				GCC_WARN_UNUSED_FUNCTION = YES;
				GCC_WARN_UNUSED_VARIABLE = YES;
				IPHONEOS_DEPLOYMENT_TARGET = 9.2;
				MTL_ENABLE_DEBUG_INFO = NO;
				SDKROOT = iphoneos;
				TARGETED_DEVICE_FAMILY = "1,2";
				VALIDATE_PRODUCT = YES;
			};
			name = Release;
		};
		FB8D02601C3E3794007171F1 /* Debug */ = {
			isa = XCBuildConfiguration;
			buildSettings = {
				ASSETCATALOG_COMPILER_APPICON_NAME = AppIcon;
				INFOPLIST_FILE = ButtonOptionExample/Info.plist;
				LD_RUNPATH_SEARCH_PATHS = "$(inherited) @executable_path/Frameworks";
				PRODUCT_BUNDLE_IDENTIFIER = "-.ButtonOptionExample";
				PRODUCT_NAME = "$(TARGET_NAME)";
			};
			name = Debug;
		};
		FB8D02611C3E3794007171F1 /* Release */ = {
			isa = XCBuildConfiguration;
			buildSettings = {
				ASSETCATALOG_COMPILER_APPICON_NAME = AppIcon;
				INFOPLIST_FILE = ButtonOptionExample/Info.plist;
				LD_RUNPATH_SEARCH_PATHS = "$(inherited) @executable_path/Frameworks";
				PRODUCT_BUNDLE_IDENTIFIER = "-.ButtonOptionExample";
				PRODUCT_NAME = "$(TARGET_NAME)";
			};
			name = Release;
		};
/* End XCBuildConfiguration section */

/* Begin XCConfigurationList section */
		FB8D02431C3E3794007171F1 /* Build configuration list for PBXProject "ButtonOptionExample" */ = {
			isa = XCConfigurationList;
			buildConfigurations = (
				FB8D025D1C3E3794007171F1 /* Debug */,
				FB8D025E1C3E3794007171F1 /* Release */,
			);
			defaultConfigurationIsVisible = 0;
			defaultConfigurationName = Release;
		};
		FB8D025F1C3E3794007171F1 /* Build configuration list for PBXNativeTarget "ButtonOptionExample" */ = {
			isa = XCConfigurationList;
			buildConfigurations = (
				FB8D02601C3E3794007171F1 /* Debug */,
				FB8D02611C3E3794007171F1 /* Release */,
			);
			defaultConfigurationIsVisible = 0;
		};
/* End XCConfigurationList section */
	};
	rootObject = FB8D02401C3E3794007171F1 /* Project object */;
}
